
Microsoft Visual Studio Solution File, Format Version 12.00
# Visual Studio Version 17
VisualStudioVersion = 17.4.33205.214
MinimumVisualStudioVersion = 10.0.40219.1
Project("{FAE04EC0-301F-11D3-BF4B-00C04F79EFBC}") = "MultiThreadCPUstress", "MultiThreadCPUstress\MultiThreadCPUstress.csproj", "{B922C017-5493-41F2-9D05-5265920D61C0}"
EndProject
Global
	GlobalSection(SolutionConfigurationPlatforms) = preSolution
		Debug|Any CPU = Debug|Any CPU
		Release|Any CPU = Release|Any CPU
	EndGlobalSection
	GlobalSection(ProjectConfigurationPlatforms) = postSolution
		{B922C017-5493-41F2-9D05-5265920D61C0}.Debug|Any CPU.ActiveCfg = Debug|Any CPU
		{B922C017-5493-41F2-9D05-5265920D61C0}.Debug|Any CPU.Build.0 = Debug|Any CPU
		{B922C017-5493-41F2-9D05-5265920D61C0}.Release|Any CPU.ActiveCfg = Release|Any CPU
		{B922C017-5493-41F2-9D05-5265920D61C0}.Release|Any CPU.Build.0 = Release|Any CPU
	EndGlobalSection
	GlobalSection(SolutionProperties) = preSolution
		HideSolutionNode = FALSE
	EndGlobalSection
	GlobalSection(ExtensibilityGlobals) = postSolution
		SolutionGuid = {8F9A8405-21F7-427A-899E-734FF977A85D}
	EndGlobalSection
EndGlobal
